
Microsoft Visual Studio Solution File, Format Version 12.00
# Visual Studio Version 17
VisualStudioVersion = 17.0.31903.59
MinimumVisualStudioVersion = 10.0.40219.1
Project("{2150E333-8FDC-42A3-9474-1A3956D46DE8}") = "Services", "Services", "{0739A066-82FF-4683-8604-A6E174F59E18}"
EndProject
Project("{2150E333-8FDC-42A3-9474-1A3956D46DE8}") = "Auth", "Auth", "{9E816641-7F6E-4051-A789-522CE8C1CC68}"
EndProject
Project("{FAE04EC0-301F-11D3-BF4B-00C04F79EFBC}") = "Auth.API", "Services\Auth\Auth.API\Auth.API.csproj", "{AE30B96A-9EFE-4B93-9A5E-1286D900019C}"
EndProject
Project("{2150E333-8FDC-42A3-9474-1A3956D46DE8}") = "Common", "Common", "{CF9CBEC9-9074-42B5-B9B6-8E698534C64F}"
EndProject
Project("{FAE04EC0-301F-11D3-BF4B-00C04F79EFBC}") = "Common.CQRS", "Common\Common.CQRS\Common.CQRS.csproj", "{5ABD2865-7D36-443B-A90F-7CD718C517E9}"
EndProject
Project("{FAE04EC0-301F-11D3-BF4B-00C04F79EFBC}") = "Common", "Common\Common\Common.csproj", "{F519D769-5D0C-424F-AAFE-91BF4B57DB7F}"
EndProject
Project("{2150E333-8FDC-42A3-9474-1A3956D46DE8}") = "Solution Items", "Solution Items", "{E0440F4F-8BF7-478B-80F3-2720DFC99586}"
	ProjectSection(SolutionItems) = preProject
		docker-compose.yml = docker-compose.yml
		docker-compose.override.yml = docker-compose.override.yml
	EndProjectSection
EndProject
Global
	GlobalSection(SolutionConfigurationPlatforms) = preSolution
		Debug|Any CPU = Debug|Any CPU
		Release|Any CPU = Release|Any CPU
	EndGlobalSection
	GlobalSection(SolutionProperties) = preSolution
		HideSolutionNode = FALSE
	EndGlobalSection
	GlobalSection(NestedProjects) = preSolution
		{9E816641-7F6E-4051-A789-522CE8C1CC68} = {0739A066-82FF-4683-8604-A6E174F59E18}
		{AE30B96A-9EFE-4B93-9A5E-1286D900019C} = {9E816641-7F6E-4051-A789-522CE8C1CC68}
		{5ABD2865-7D36-443B-A90F-7CD718C517E9} = {CF9CBEC9-9074-42B5-B9B6-8E698534C64F}
		{F519D769-5D0C-424F-AAFE-91BF4B57DB7F} = {CF9CBEC9-9074-42B5-B9B6-8E698534C64F}
	EndGlobalSection
	GlobalSection(ProjectConfigurationPlatforms) = postSolution
		{AE30B96A-9EFE-4B93-9A5E-1286D900019C}.Debug|Any CPU.ActiveCfg = Debug|Any CPU
		{AE30B96A-9EFE-4B93-9A5E-1286D900019C}.Debug|Any CPU.Build.0 = Debug|Any CPU
		{AE30B96A-9EFE-4B93-9A5E-1286D900019C}.Release|Any CPU.ActiveCfg = Release|Any CPU
		{AE30B96A-9EFE-4B93-9A5E-1286D900019C}.Release|Any CPU.Build.0 = Release|Any CPU
		{5ABD2865-7D36-443B-A90F-7CD718C517E9}.Debug|Any CPU.ActiveCfg = Debug|Any CPU
		{5ABD2865-7D36-443B-A90F-7CD718C517E9}.Debug|Any CPU.Build.0 = Debug|Any CPU
		{5ABD2865-7D36-443B-A90F-7CD718C517E9}.Release|Any CPU.ActiveCfg = Release|Any CPU
		{5ABD2865-7D36-443B-A90F-7CD718C517E9}.Release|Any CPU.Build.0 = Release|Any CPU
		{F519D769-5D0C-424F-AAFE-91BF4B57DB7F}.Debug|Any CPU.ActiveCfg = Debug|Any CPU
		{F519D769-5D0C-424F-AAFE-91BF4B57DB7F}.Debug|Any CPU.Build.0 = Debug|Any CPU
		{F519D769-5D0C-424F-AAFE-91BF4B57DB7F}.Release|Any CPU.ActiveCfg = Release|Any CPU
		{F519D769-5D0C-424F-AAFE-91BF4B57DB7F}.Release|Any CPU.Build.0 = Release|Any CPU
	EndGlobalSection
EndGlobal
