
Microsoft Visual Studio Solution File, Format Version 12.00
# Visual Studio Version 17
VisualStudioVersion = 17.0.31903.59
MinimumVisualStudioVersion = 10.0.40219.1
Project("{2150E333-8FDC-42A3-9474-1A3956D46DE8}") = "Services", "Services", "{0739A066-82FF-4683-8604-A6E174F59E18}"
EndProject
Project("{2150E333-8FDC-42A3-9474-1A3956D46DE8}") = "Auth", "Auth", "{9E816641-7F6E-4051-A789-522CE8C1CC68}"
EndProject
Project("{FAE04EC0-301F-11D3-BF4B-00C04F79EFBC}") = "Auth.API", "Services\Auth\Auth.API\Auth.API.csproj", "{AE30B96A-9EFE-4B93-9A5E-1286D900019C}"
EndProject
Project("{2150E333-8FDC-42A3-9474-1A3956D46DE8}") = "Common", "Common", "{CF9CBEC9-9074-42B5-B9B6-8E698534C64F}"
EndProject
Project("{FAE04EC0-301F-11D3-BF4B-00C04F79EFBC}") = "Common.CQRS", "Common\Common.CQRS\Common.CQRS.csproj", "{5ABD2865-7D36-443B-A90F-7CD718C517E9}"
EndProject
Project("{FAE04EC0-301F-11D3-BF4B-00C04F79EFBC}") = "Common", "Common\Common\Common.csproj", "{F519D769-5D0C-424F-AAFE-91BF4B57DB7F}"
EndProject
Project("{2150E333-8FDC-42A3-9474-1A3956D46DE8}") = "Solution Items", "Solution Items", "{E0440F4F-8BF7-478B-80F3-2720DFC99586}"
	ProjectSection(SolutionItems) = preProject
		docker-compose.yml = docker-compose.yml
		docker-compose.override.yml = docker-compose.override.yml
	EndProjectSection
EndProject
Project("{2150E333-8FDC-42A3-9474-1A3956D46DE8}") = "Users", "Users", "{C88AC34C-16CF-43C9-BFBB-8A55BFF79F41}"
EndProject
Project("{FAE04EC0-301F-11D3-BF4B-00C04F79EFBC}") = "Users.API", "Services\Users\Users.API\Users.API.csproj", "{F73F9668-BB9B-41B2-9098-50E3A6113EB2}"
EndProject
Project("{FAE04EC0-301F-11D3-BF4B-00C04F79EFBC}") = "Common.Auth", "Common\Common.Auth\Common.Auth.csproj", "{92BF6E57-95C7-4338-8D17-201492287ADB}"
EndProject
Project("{FAE04EC0-301F-11D3-BF4B-00C04F79EFBC}") = "Common.Messaging", "Common\Common.Messaging\Common.Messaging.csproj", "{99B69976-1FB3-4485-A747-63C3821FA6F7}"
EndProject
Project("{2150E333-8FDC-42A3-9474-1A3956D46DE8}") = "Notification", "Notification", "{F46B4BC3-98D4-4648-B502-87C1F4DF4544}"
EndProject
Project("{FAE04EC0-301F-11D3-BF4B-00C04F79EFBC}") = "Notification.API", "Services\Notification\Notification.API\Notification.API.csproj", "{4901ED8C-3D51-4D8B-ABE8-744548A4A2BC}"
EndProject
Project("{2150E333-8FDC-42A3-9474-1A3956D46DE8}") = "Checkings", "Checkings", "{B188BB10-71BC-4A64-8859-52CF77D7EBEC}"
EndProject
Project("{FAE04EC0-301F-11D3-BF4B-00C04F79EFBC}") = "Checkings.API", "Services\Checkings\Checkings.API\Checkings.API.csproj", "{72859EC1-8112-4C2C-A8CC-96120038A5FD}"
EndProject
Project("{FAE04EC0-301F-11D3-BF4B-00C04F79EFBC}") = "Common.BankingAccounts", "Common\Common.BankingAccounts\Common.BankingAccounts.csproj", "{4DDFA469-F699-4AC4-9C7D-14AF5303DC0B}"
EndProject
Global
	GlobalSection(SolutionConfigurationPlatforms) = preSolution
		Debug|Any CPU = Debug|Any CPU
		Release|Any CPU = Release|Any CPU
	EndGlobalSection
	GlobalSection(SolutionProperties) = preSolution
		HideSolutionNode = FALSE
	EndGlobalSection
	GlobalSection(NestedProjects) = preSolution
		{9E816641-7F6E-4051-A789-522CE8C1CC68} = {0739A066-82FF-4683-8604-A6E174F59E18}
		{AE30B96A-9EFE-4B93-9A5E-1286D900019C} = {9E816641-7F6E-4051-A789-522CE8C1CC68}
		{5ABD2865-7D36-443B-A90F-7CD718C517E9} = {CF9CBEC9-9074-42B5-B9B6-8E698534C64F}
		{F519D769-5D0C-424F-AAFE-91BF4B57DB7F} = {CF9CBEC9-9074-42B5-B9B6-8E698534C64F}
		{C88AC34C-16CF-43C9-BFBB-8A55BFF79F41} = {0739A066-82FF-4683-8604-A6E174F59E18}
		{F73F9668-BB9B-41B2-9098-50E3A6113EB2} = {C88AC34C-16CF-43C9-BFBB-8A55BFF79F41}
		{92BF6E57-95C7-4338-8D17-201492287ADB} = {CF9CBEC9-9074-42B5-B9B6-8E698534C64F}
		{99B69976-1FB3-4485-A747-63C3821FA6F7} = {CF9CBEC9-9074-42B5-B9B6-8E698534C64F}
		{F46B4BC3-98D4-4648-B502-87C1F4DF4544} = {0739A066-82FF-4683-8604-A6E174F59E18}
		{4901ED8C-3D51-4D8B-ABE8-744548A4A2BC} = {F46B4BC3-98D4-4648-B502-87C1F4DF4544}
		{B188BB10-71BC-4A64-8859-52CF77D7EBEC} = {0739A066-82FF-4683-8604-A6E174F59E18}
		{72859EC1-8112-4C2C-A8CC-96120038A5FD} = {B188BB10-71BC-4A64-8859-52CF77D7EBEC}
		{4DDFA469-F699-4AC4-9C7D-14AF5303DC0B} = {CF9CBEC9-9074-42B5-B9B6-8E698534C64F}
	EndGlobalSection
	GlobalSection(ProjectConfigurationPlatforms) = postSolution
		{AE30B96A-9EFE-4B93-9A5E-1286D900019C}.Debug|Any CPU.ActiveCfg = Debug|Any CPU
		{AE30B96A-9EFE-4B93-9A5E-1286D900019C}.Debug|Any CPU.Build.0 = Debug|Any CPU
		{AE30B96A-9EFE-4B93-9A5E-1286D900019C}.Release|Any CPU.ActiveCfg = Release|Any CPU
		{AE30B96A-9EFE-4B93-9A5E-1286D900019C}.Release|Any CPU.Build.0 = Release|Any CPU
		{5ABD2865-7D36-443B-A90F-7CD718C517E9}.Debug|Any CPU.ActiveCfg = Debug|Any CPU
		{5ABD2865-7D36-443B-A90F-7CD718C517E9}.Debug|Any CPU.Build.0 = Debug|Any CPU
		{5ABD2865-7D36-443B-A90F-7CD718C517E9}.Release|Any CPU.ActiveCfg = Release|Any CPU
		{5ABD2865-7D36-443B-A90F-7CD718C517E9}.Release|Any CPU.Build.0 = Release|Any CPU
		{F519D769-5D0C-424F-AAFE-91BF4B57DB7F}.Debug|Any CPU.ActiveCfg = Debug|Any CPU
		{F519D769-5D0C-424F-AAFE-91BF4B57DB7F}.Debug|Any CPU.Build.0 = Debug|Any CPU
		{F519D769-5D0C-424F-AAFE-91BF4B57DB7F}.Release|Any CPU.ActiveCfg = Release|Any CPU
		{F519D769-5D0C-424F-AAFE-91BF4B57DB7F}.Release|Any CPU.Build.0 = Release|Any CPU
		{F73F9668-BB9B-41B2-9098-50E3A6113EB2}.Debug|Any CPU.ActiveCfg = Debug|Any CPU
		{F73F9668-BB9B-41B2-9098-50E3A6113EB2}.Debug|Any CPU.Build.0 = Debug|Any CPU
		{F73F9668-BB9B-41B2-9098-50E3A6113EB2}.Release|Any CPU.ActiveCfg = Release|Any CPU
		{F73F9668-BB9B-41B2-9098-50E3A6113EB2}.Release|Any CPU.Build.0 = Release|Any CPU
		{92BF6E57-95C7-4338-8D17-201492287ADB}.Debug|Any CPU.ActiveCfg = Debug|Any CPU
		{92BF6E57-95C7-4338-8D17-201492287ADB}.Debug|Any CPU.Build.0 = Debug|Any CPU
		{92BF6E57-95C7-4338-8D17-201492287ADB}.Release|Any CPU.ActiveCfg = Release|Any CPU
		{92BF6E57-95C7-4338-8D17-201492287ADB}.Release|Any CPU.Build.0 = Release|Any CPU
		{99B69976-1FB3-4485-A747-63C3821FA6F7}.Debug|Any CPU.ActiveCfg = Debug|Any CPU
		{99B69976-1FB3-4485-A747-63C3821FA6F7}.Debug|Any CPU.Build.0 = Debug|Any CPU
		{99B69976-1FB3-4485-A747-63C3821FA6F7}.Release|Any CPU.ActiveCfg = Release|Any CPU
		{99B69976-1FB3-4485-A747-63C3821FA6F7}.Release|Any CPU.Build.0 = Release|Any CPU
		{4901ED8C-3D51-4D8B-ABE8-744548A4A2BC}.Debug|Any CPU.ActiveCfg = Debug|Any CPU
		{4901ED8C-3D51-4D8B-ABE8-744548A4A2BC}.Debug|Any CPU.Build.0 = Debug|Any CPU
		{4901ED8C-3D51-4D8B-ABE8-744548A4A2BC}.Release|Any CPU.ActiveCfg = Release|Any CPU
		{4901ED8C-3D51-4D8B-ABE8-744548A4A2BC}.Release|Any CPU.Build.0 = Release|Any CPU
		{72859EC1-8112-4C2C-A8CC-96120038A5FD}.Debug|Any CPU.ActiveCfg = Debug|Any CPU
		{72859EC1-8112-4C2C-A8CC-96120038A5FD}.Debug|Any CPU.Build.0 = Debug|Any CPU
		{72859EC1-8112-4C2C-A8CC-96120038A5FD}.Release|Any CPU.ActiveCfg = Release|Any CPU
		{72859EC1-8112-4C2C-A8CC-96120038A5FD}.Release|Any CPU.Build.0 = Release|Any CPU
		{4DDFA469-F699-4AC4-9C7D-14AF5303DC0B}.Debug|Any CPU.ActiveCfg = Debug|Any CPU
		{4DDFA469-F699-4AC4-9C7D-14AF5303DC0B}.Debug|Any CPU.Build.0 = Debug|Any CPU
		{4DDFA469-F699-4AC4-9C7D-14AF5303DC0B}.Release|Any CPU.ActiveCfg = Release|Any CPU
		{4DDFA469-F699-4AC4-9C7D-14AF5303DC0B}.Release|Any CPU.Build.0 = Release|Any CPU
	EndGlobalSection
EndGlobal
